
Microsoft Visual Studio Solution File, Format Version 12.00
# Visual Studio 15
VisualStudioVersion = 15.0.26124.0
MinimumVisualStudioVersion = 15.0.26124.0
Project("{F2A71F9B-5D33-465A-A702-920D77279786}") = "OpenDiffix.Core", "DiffixReference\src\OpenDiffix.Core\OpenDiffix.Core.fsproj", "{7BDEE1A5-4B65-4F21-808C-D6994B962097}"
EndProject
Project("{F2A71F9B-5D33-465A-A702-920D77279786}") = "OpenDiffix.Publisher", "OpenDiffix.Publisher\OpenDiffix.Publisher.fsproj", "{CC4619ED-8AC9-4998-BA29-C2AB31CEA3CE}"
EndProject
Global
	GlobalSection(SolutionConfigurationPlatforms) = preSolution
		Debug|Any CPU = Debug|Any CPU
		Debug|x64 = Debug|x64
		Debug|x86 = Debug|x86
		Release|Any CPU = Release|Any CPU
		Release|x64 = Release|x64
		Release|x86 = Release|x86
	EndGlobalSection
	GlobalSection(SolutionProperties) = preSolution
		HideSolutionNode = FALSE
	EndGlobalSection
	GlobalSection(ProjectConfigurationPlatforms) = postSolution
		{7BDEE1A5-4B65-4F21-808C-D6994B962097}.Debug|Any CPU.ActiveCfg = Debug|Any CPU
		{7BDEE1A5-4B65-4F21-808C-D6994B962097}.Debug|Any CPU.Build.0 = Debug|Any CPU
		{7BDEE1A5-4B65-4F21-808C-D6994B962097}.Debug|x64.ActiveCfg = Debug|Any CPU
		{7BDEE1A5-4B65-4F21-808C-D6994B962097}.Debug|x64.Build.0 = Debug|Any CPU
		{7BDEE1A5-4B65-4F21-808C-D6994B962097}.Debug|x86.ActiveCfg = Debug|Any CPU
		{7BDEE1A5-4B65-4F21-808C-D6994B962097}.Debug|x86.Build.0 = Debug|Any CPU
		{7BDEE1A5-4B65-4F21-808C-D6994B962097}.Release|Any CPU.ActiveCfg = Release|Any CPU
		{7BDEE1A5-4B65-4F21-808C-D6994B962097}.Release|Any CPU.Build.0 = Release|Any CPU
		{7BDEE1A5-4B65-4F21-808C-D6994B962097}.Release|x64.ActiveCfg = Release|Any CPU
		{7BDEE1A5-4B65-4F21-808C-D6994B962097}.Release|x64.Build.0 = Release|Any CPU
		{7BDEE1A5-4B65-4F21-808C-D6994B962097}.Release|x86.ActiveCfg = Release|Any CPU
		{7BDEE1A5-4B65-4F21-808C-D6994B962097}.Release|x86.Build.0 = Release|Any CPU
		{CC4619ED-8AC9-4998-BA29-C2AB31CEA3CE}.Debug|Any CPU.ActiveCfg = Debug|Any CPU
		{CC4619ED-8AC9-4998-BA29-C2AB31CEA3CE}.Debug|Any CPU.Build.0 = Debug|Any CPU
		{CC4619ED-8AC9-4998-BA29-C2AB31CEA3CE}.Debug|x64.ActiveCfg = Debug|Any CPU
		{CC4619ED-8AC9-4998-BA29-C2AB31CEA3CE}.Debug|x64.Build.0 = Debug|Any CPU
		{CC4619ED-8AC9-4998-BA29-C2AB31CEA3CE}.Debug|x86.ActiveCfg = Debug|Any CPU
		{CC4619ED-8AC9-4998-BA29-C2AB31CEA3CE}.Debug|x86.Build.0 = Debug|Any CPU
		{CC4619ED-8AC9-4998-BA29-C2AB31CEA3CE}.Release|Any CPU.ActiveCfg = Release|Any CPU
		{CC4619ED-8AC9-4998-BA29-C2AB31CEA3CE}.Release|Any CPU.Build.0 = Release|Any CPU
		{CC4619ED-8AC9-4998-BA29-C2AB31CEA3CE}.Release|x64.ActiveCfg = Release|Any CPU
		{CC4619ED-8AC9-4998-BA29-C2AB31CEA3CE}.Release|x64.Build.0 = Release|Any CPU
		{CC4619ED-8AC9-4998-BA29-C2AB31CEA3CE}.Release|x86.ActiveCfg = Release|Any CPU
		{CC4619ED-8AC9-4998-BA29-C2AB31CEA3CE}.Release|x86.Build.0 = Release|Any CPU
	EndGlobalSection
EndGlobal
