
Microsoft Visual Studio Solution File, Format Version 12.00
# Visual Studio 15
VisualStudioVersion = 15.0.26124.0
MinimumVisualStudioVersion = 15.0.26124.0
Project("{F2A71F9B-5D33-465A-A702-920D77279786}") = "OpenDiffix.Service", "OpenDiffix.Service\OpenDiffix.Service.fsproj", "{FC0A89BF-A464-4964-A88D-8D226EBBC233}"
EndProject
Project("{F2A71F9B-5D33-465A-A702-920D77279786}") = "OpenDiffix.Core", "reference\src\OpenDiffix.Core\OpenDiffix.Core.fsproj", "{D87E4C74-8EBF-40D7-B92F-FD69B48688D5}"
EndProject
Project("{F2A71F9B-5D33-465A-A702-920D77279786}") = "OpenDiffix.Service.Tests", "OpenDiffix.Service.Tests\OpenDiffix.Service.Tests.fsproj", "{51B72612-447F-4593-8850-E8244A241939}"
EndProject
Global
	GlobalSection(SolutionConfigurationPlatforms) = preSolution
		Debug|Any CPU = Debug|Any CPU
		Debug|x64 = Debug|x64
		Debug|x86 = Debug|x86
		Release|Any CPU = Release|Any CPU
		Release|x64 = Release|x64
		Release|x86 = Release|x86
	EndGlobalSection
	GlobalSection(SolutionProperties) = preSolution
		HideSolutionNode = FALSE
	EndGlobalSection
	GlobalSection(ProjectConfigurationPlatforms) = postSolution
		{FC0A89BF-A464-4964-A88D-8D226EBBC233}.Debug|Any CPU.ActiveCfg = Debug|Any CPU
		{FC0A89BF-A464-4964-A88D-8D226EBBC233}.Debug|Any CPU.Build.0 = Debug|Any CPU
		{FC0A89BF-A464-4964-A88D-8D226EBBC233}.Debug|x64.ActiveCfg = Debug|Any CPU
		{FC0A89BF-A464-4964-A88D-8D226EBBC233}.Debug|x64.Build.0 = Debug|Any CPU
		{FC0A89BF-A464-4964-A88D-8D226EBBC233}.Debug|x86.ActiveCfg = Debug|Any CPU
		{FC0A89BF-A464-4964-A88D-8D226EBBC233}.Debug|x86.Build.0 = Debug|Any CPU
		{FC0A89BF-A464-4964-A88D-8D226EBBC233}.Release|Any CPU.ActiveCfg = Release|Any CPU
		{FC0A89BF-A464-4964-A88D-8D226EBBC233}.Release|Any CPU.Build.0 = Release|Any CPU
		{FC0A89BF-A464-4964-A88D-8D226EBBC233}.Release|x64.ActiveCfg = Release|Any CPU
		{FC0A89BF-A464-4964-A88D-8D226EBBC233}.Release|x64.Build.0 = Release|Any CPU
		{FC0A89BF-A464-4964-A88D-8D226EBBC233}.Release|x86.ActiveCfg = Release|Any CPU
		{FC0A89BF-A464-4964-A88D-8D226EBBC233}.Release|x86.Build.0 = Release|Any CPU
		{D87E4C74-8EBF-40D7-B92F-FD69B48688D5}.Debug|Any CPU.ActiveCfg = Debug|Any CPU
		{D87E4C74-8EBF-40D7-B92F-FD69B48688D5}.Debug|Any CPU.Build.0 = Debug|Any CPU
		{D87E4C74-8EBF-40D7-B92F-FD69B48688D5}.Debug|x64.ActiveCfg = Debug|Any CPU
		{D87E4C74-8EBF-40D7-B92F-FD69B48688D5}.Debug|x64.Build.0 = Debug|Any CPU
		{D87E4C74-8EBF-40D7-B92F-FD69B48688D5}.Debug|x86.ActiveCfg = Debug|Any CPU
		{D87E4C74-8EBF-40D7-B92F-FD69B48688D5}.Debug|x86.Build.0 = Debug|Any CPU
		{D87E4C74-8EBF-40D7-B92F-FD69B48688D5}.Release|Any CPU.ActiveCfg = Release|Any CPU
		{D87E4C74-8EBF-40D7-B92F-FD69B48688D5}.Release|Any CPU.Build.0 = Release|Any CPU
		{D87E4C74-8EBF-40D7-B92F-FD69B48688D5}.Release|x64.ActiveCfg = Release|Any CPU
		{D87E4C74-8EBF-40D7-B92F-FD69B48688D5}.Release|x64.Build.0 = Release|Any CPU
		{D87E4C74-8EBF-40D7-B92F-FD69B48688D5}.Release|x86.ActiveCfg = Release|Any CPU
		{D87E4C74-8EBF-40D7-B92F-FD69B48688D5}.Release|x86.Build.0 = Release|Any CPU
		{51B72612-447F-4593-8850-E8244A241939}.Debug|Any CPU.ActiveCfg = Debug|Any CPU
		{51B72612-447F-4593-8850-E8244A241939}.Debug|Any CPU.Build.0 = Debug|Any CPU
		{51B72612-447F-4593-8850-E8244A241939}.Debug|x64.ActiveCfg = Debug|Any CPU
		{51B72612-447F-4593-8850-E8244A241939}.Debug|x64.Build.0 = Debug|Any CPU
		{51B72612-447F-4593-8850-E8244A241939}.Debug|x86.ActiveCfg = Debug|Any CPU
		{51B72612-447F-4593-8850-E8244A241939}.Debug|x86.Build.0 = Debug|Any CPU
		{51B72612-447F-4593-8850-E8244A241939}.Release|Any CPU.ActiveCfg = Release|Any CPU
		{51B72612-447F-4593-8850-E8244A241939}.Release|Any CPU.Build.0 = Release|Any CPU
		{51B72612-447F-4593-8850-E8244A241939}.Release|x64.ActiveCfg = Release|Any CPU
		{51B72612-447F-4593-8850-E8244A241939}.Release|x64.Build.0 = Release|Any CPU
		{51B72612-447F-4593-8850-E8244A241939}.Release|x86.ActiveCfg = Release|Any CPU
		{51B72612-447F-4593-8850-E8244A241939}.Release|x86.Build.0 = Release|Any CPU
	EndGlobalSection
EndGlobal
